
Microsoft Visual Studio Solution File, Format Version 12.00
# Visual Studio Version 17
VisualStudioVersion = 17.7.34202.233
MinimumVisualStudioVersion = 10.0.40219.1
Project("{FAE04EC0-301F-11D3-BF4B-00C04F79EFBC}") = "UP_9", "UP_9\UP_9.csproj", "{54BDDD15-D05E-418A-AFB0-C8A23B04C430}"
EndProject
Global
	GlobalSection(SolutionConfigurationPlatforms) = preSolution
		Debug|Any CPU = Debug|Any CPU
		Release|Any CPU = Release|Any CPU
	EndGlobalSection
	GlobalSection(ProjectConfigurationPlatforms) = postSolution
		{54BDDD15-D05E-418A-AFB0-C8A23B04C430}.Debug|Any CPU.ActiveCfg = Debug|Any CPU
		{54BDDD15-D05E-418A-AFB0-C8A23B04C430}.Debug|Any CPU.Build.0 = Debug|Any CPU
		{54BDDD15-D05E-418A-AFB0-C8A23B04C430}.Release|Any CPU.ActiveCfg = Release|Any CPU
		{54BDDD15-D05E-418A-AFB0-C8A23B04C430}.Release|Any CPU.Build.0 = Release|Any CPU
	EndGlobalSection
	GlobalSection(SolutionProperties) = preSolution
		HideSolutionNode = FALSE
	EndGlobalSection
	GlobalSection(ExtensibilityGlobals) = postSolution
		SolutionGuid = {3C28C2D5-6184-4394-BA16-FEBDFA75F61F}
	EndGlobalSection
EndGlobal
